<?xml version="1.0" encoding="utf-8"?>
<Project ToolsVersion="4.0" xmlns="http://schemas.microsoft.com/developer/msbuild/2003">
  <ItemGroup>
    <Filter Include="소스 파일">
      <UniqueIdentifier>{4FC737F1-C7A5-4376-A066-2A32D752A2FF}</UniqueIdentifier>
      <Extensions>cpp;c;cc;cxx;c++;cppm;ixx;def;odl;idl;hpj;bat;asm;asmx</Extensions>
    </Filter>
    <Filter Include="헤더 파일">
      <UniqueIdentifier>{93995380-89BD-4b04-88EB-625FBE52EBFB}</UniqueIdentifier>
      <Extensions>h;hh;hpp;hxx;h++;hm;inl;inc;ipp;xsd</Extensions>
    </Filter>
    <Filter Include="리소스 파일">
      <UniqueIdentifier>{67DA6AB6-F800-4c08-8B7A-83BB121AAD01}</UniqueIdentifier>
      <Extensions>rc;ico;cur;bmp;dlg;rc2;rct;bin;rgs;gif;jpg;jpeg;jpe;resx;tiff;tif;png;wav;mfcribbon-ms</Extensions>
    </Filter>
    <Filter Include="헤더 파일\Game1">
      <UniqueIdentifier>{98bc0cb2-6195-4c3a-ae27-5790952d9e66}</UniqueIdentifier>
    </Filter>
    <Filter Include="소스 파일\Game1cpp">
      <UniqueIdentifier>{f2ad5c3b-2724-4c59-be12-d24f3ffe88f1}</UniqueIdentifier>
    </Filter>
    <Filter Include="헤더 파일\BasicState">
      <UniqueIdentifier>{18812ce4-3fab-43a0-9a24-89ad2f8b9c55}</UniqueIdentifier>
    </Filter>
    <Filter Include="소스 파일\BasicStateCpp">
      <UniqueIdentifier>{5fbddd0c-b140-4d60-859c-a0a6f1563192}</UniqueIdentifier>
    </Filter>
  </ItemGroup>
  <ItemGroup>
    <ClCompile Include="GamePlayState.cpp">
      <Filter>소스 파일\Game1cpp</Filter>
    </ClCompile>
    <ClCompile Include="GameOver.cpp">
      <Filter>소스 파일\Game1cpp</Filter>
    </ClCompile>
    <ClCompile Include="WinState.cpp">
      <Filter>소스 파일\Game1cpp</Filter>
    </ClCompile>
    <ClCompile Include="shortestPath.cpp">
      <Filter>소스 파일\Game1cpp</Filter>
    </ClCompile>
    <ClCompile Include="Player.cpp">
      <Filter>소스 파일\Game1cpp</Filter>
    </ClCompile>
    <ClCompile Include="Map.cpp">
      <Filter>소스 파일\Game1cpp</Filter>
    </ClCompile>
    <ClCompile Include="pathFinding.cpp">
      <Filter>소스 파일\Game1cpp</Filter>
    </ClCompile>
    <ClCompile Include="Setting.h">
      <Filter>헤더 파일\BasicState</Filter>
    </ClCompile>
    <ClCompile Include="Title.h">
      <Filter>헤더 파일\BasicState</Filter>
    </ClCompile>
    <ClCompile Include="main.cpp">
      <Filter>소스 파일\BasicStateCpp</Filter>
    </ClCompile>
    <ClCompile Include="Setting.cpp">
      <Filter>소스 파일\BasicStateCpp</Filter>
    </ClCompile>
    <ClCompile Include="Title.cpp">
      <Filter>소스 파일\BasicStateCpp</Filter>
    </ClCompile>
    <ClCompile Include="Building.cpp">
      <Filter>소스 파일\Game1cpp</Filter>
    </ClCompile>
    <ClCompile Include="BuildingUi.cpp">
      <Filter>소스 파일\Game1cpp</Filter>
    </ClCompile>
  </ItemGroup>
  <ItemGroup>
    <ClInclude Include="GameOver.h">
      <Filter>헤더 파일\Game1</Filter>
    </ClInclude>
    <ClInclude Include="GamePlayState.h">
      <Filter>헤더 파일\Game1</Filter>
    </ClInclude>
    <ClInclude Include="Map.h">
      <Filter>헤더 파일\Game1</Filter>
    </ClInclude>
    <ClInclude Include="pathFinding.h">
      <Filter>헤더 파일\Game1</Filter>
    </ClInclude>
    <ClInclude Include="Player.h">
      <Filter>헤더 파일\Game1</Filter>
    </ClInclude>
    <ClInclude Include="WinState.h">
      <Filter>헤더 파일\Game1</Filter>
    </ClInclude>
    <ClInclude Include="shortestPath.h">
      <Filter>헤더 파일\Game1</Filter>
    </ClInclude>
    <ClInclude Include="GameState.h">
      <Filter>헤더 파일\BasicState</Filter>
    </ClInclude>
    <ClInclude Include="Building.h">
      <Filter>헤더 파일\Game1</Filter>
    </ClInclude>
    <ClInclude Include="BuildingUi.h">
      <Filter>헤더 파일\Game1</Filter>
    </ClInclude>
  </ItemGroup>
</Project>